
Microsoft Visual Studio Solution File, Format Version 12.00
# Visual Studio Version 17
VisualStudioVersion = 17.12.35707.178
MinimumVisualStudioVersion = 10.0.40219.1
Project("{FAE04EC0-301F-11D3-BF4B-00C04F79EFBC}") = "CustomMathOperations", "CustomMathOperations\CustomMathOperations.csproj", "{96102305-71B1-44D8-8740-37877C289E87}"
EndProject
Project("{FAE04EC0-301F-11D3-BF4B-00C04F79EFBC}") = "MSTestings", "MSTestings\MSTestings.csproj", "{63EDA5D8-0728-4908-8B26-21CBC92716C3}"
EndProject
Global
	GlobalSection(SolutionConfigurationPlatforms) = preSolution
		Debug|Any CPU = Debug|Any CPU
		Release|Any CPU = Release|Any CPU
	EndGlobalSection
	GlobalSection(ProjectConfigurationPlatforms) = postSolution
		{96102305-71B1-44D8-8740-37877C289E87}.Debug|Any CPU.ActiveCfg = Debug|Any CPU
		{96102305-71B1-44D8-8740-37877C289E87}.Debug|Any CPU.Build.0 = Debug|Any CPU
		{96102305-71B1-44D8-8740-37877C289E87}.Release|Any CPU.ActiveCfg = Release|Any CPU
		{96102305-71B1-44D8-8740-37877C289E87}.Release|Any CPU.Build.0 = Release|Any CPU
		{63EDA5D8-0728-4908-8B26-21CBC92716C3}.Debug|Any CPU.ActiveCfg = Debug|Any CPU
		{63EDA5D8-0728-4908-8B26-21CBC92716C3}.Debug|Any CPU.Build.0 = Debug|Any CPU
		{63EDA5D8-0728-4908-8B26-21CBC92716C3}.Release|Any CPU.ActiveCfg = Release|Any CPU
		{63EDA5D8-0728-4908-8B26-21CBC92716C3}.Release|Any CPU.Build.0 = Release|Any CPU
	EndGlobalSection
	GlobalSection(SolutionProperties) = preSolution
		HideSolutionNode = FALSE
	EndGlobalSection
EndGlobal
