
Microsoft Visual Studio Solution File, Format Version 12.00
# Visual Studio Version 17
VisualStudioVersion = 17.12.35707.178
MinimumVisualStudioVersion = 10.0.40219.1
Project("{FAE04EC0-301F-11D3-BF4B-00C04F79EFBC}") = "ProjectDay3", "ProjectDay3\ProjectDay3.csproj", "{E0A5C2CB-D677-46A8-99DC-43239B193E80}"
EndProject
Project("{FAE04EC0-301F-11D3-BF4B-00C04F79EFBC}") = "ClassLibrary1", "ClassLibrary1\ClassLibrary1.csproj", "{CF60C234-F153-40B8-A791-7D5FF7EECEF2}"
EndProject
Global
	GlobalSection(SolutionConfigurationPlatforms) = preSolution
		Debug|Any CPU = Debug|Any CPU
		Release|Any CPU = Release|Any CPU
	EndGlobalSection
	GlobalSection(ProjectConfigurationPlatforms) = postSolution
		{E0A5C2CB-D677-46A8-99DC-43239B193E80}.Debug|Any CPU.ActiveCfg = Debug|Any CPU
		{E0A5C2CB-D677-46A8-99DC-43239B193E80}.Debug|Any CPU.Build.0 = Debug|Any CPU
		{E0A5C2CB-D677-46A8-99DC-43239B193E80}.Release|Any CPU.ActiveCfg = Release|Any CPU
		{E0A5C2CB-D677-46A8-99DC-43239B193E80}.Release|Any CPU.Build.0 = Release|Any CPU
		{CF60C234-F153-40B8-A791-7D5FF7EECEF2}.Debug|Any CPU.ActiveCfg = Debug|Any CPU
		{CF60C234-F153-40B8-A791-7D5FF7EECEF2}.Debug|Any CPU.Build.0 = Debug|Any CPU
		{CF60C234-F153-40B8-A791-7D5FF7EECEF2}.Release|Any CPU.ActiveCfg = Release|Any CPU
		{CF60C234-F153-40B8-A791-7D5FF7EECEF2}.Release|Any CPU.Build.0 = Release|Any CPU
	EndGlobalSection
	GlobalSection(SolutionProperties) = preSolution
		HideSolutionNode = FALSE
	EndGlobalSection
EndGlobal
